{
  "nodes": {
    "nixpkgs": {
      "locked": {
        "lastModified": 1782467914,
        "narHash": "sha256-pGvFkM8N0xEkIIXDe5YYfbEAvHrk4IxBrjB/x8OomhE=",
        "owner": "nixos",
        "repo": "nixpkgs",
        "rev": "e73de5be04e0eff4190a1432b946d469c794e7b4",
        "type": "github"
      },
      "original": {
        "owner": "nixos",
        "ref": "nixos-unstable",
        "repo": "nixpkgs",
        "type": "github"
      }
    },
    "root": {
      "inputs": {
        "nixpkgs": "nixpkgs",
        "sherpa-onnx": "sherpa-onnx"
      }
    },
    "sherpa-onnx": {
      "inputs": {
        "nixpkgs": [
          "nixpkgs"
        ]
      },
      "locked": {
        "lastModified": 1782323757,
        "narHash": "sha256-QYUZVRxtt86cvcAkVrzOZNzndvEbU4Jg5DDcqRvEZGY=",
        "owner": "xifan2333",
        "repo": "sherpa-onnx-flake",
        "rev": "ba5595b39f8437f4196a811e71258f02d8b3fbad",
        "type": "github"
      },
      "original": {
        "owner": "xifan2333",
        "repo": "sherpa-onnx-flake",
        "type": "github"
      }
    }
  },
  "root": "root",
  "version": 7
}
