{
  "nodes": {
    "nixpkgs": {
      "locked": {
        "lastModified": 1781577229,
        "narHash": "sha256-lrp67w8AulE9Ks53n27I45ADSzbOCn4H+CNW1Ck8B+8=",
        "owner": "nixos",
        "repo": "nixpkgs",
        "rev": "567a49d1913ce81ac6e9582e3553dd90a955875f",
        "type": "github"
      },
      "original": {
        "owner": "nixos",
        "ref": "nixos-unstable",
        "repo": "nixpkgs",
        "type": "github"
      }
    },
    "root": {
      "inputs": {
        "nixpkgs": "nixpkgs",
        "sherpa-onnx": "sherpa-onnx"
      }
    },
    "sherpa-onnx": {
      "inputs": {
        "nixpkgs": [
          "nixpkgs"
        ]
      },
      "locked": {
        "lastModified": 1779626950,
        "narHash": "sha256-28bn6+ZBP9MKXWedndNZ5CSudFyf+EGWkCTPQClSCj0=",
        "owner": "xifan2333",
        "repo": "sherpa-onnx-flake",
        "rev": "21db94ab4c0f5421fd3363f50e1e68e54e7106f4",
        "type": "github"
      },
      "original": {
        "owner": "xifan2333",
        "repo": "sherpa-onnx-flake",
        "type": "github"
      }
    }
  },
  "root": "root",
  "version": 7
}
